
Microsoft Visual Studio Solution File, Format Version 12.00
# Visual Studio Version 16
VisualStudioVersion = 16.0.30804.86
MinimumVisualStudioVersion = 10.0.40219.1
Project("{FAE04EC0-301F-11D3-BF4B-00C04F79EFBC}") = "TestingDatabaseMethodsCode", "TestingDatabaseMethodsCode\TestingDatabaseMethodsCode.csproj", "{88892BBF-5D39-497A-92B3-5445EE993561}"
EndProject
Global
	GlobalSection(SolutionConfigurationPlatforms) = preSolution
		Debug|Any CPU = Debug|Any CPU
		Release|Any CPU = Release|Any CPU
	EndGlobalSection
	GlobalSection(ProjectConfigurationPlatforms) = postSolution
		{88892BBF-5D39-497A-92B3-5445EE993561}.Debug|Any CPU.ActiveCfg = Debug|Any CPU
		{88892BBF-5D39-497A-92B3-5445EE993561}.Debug|Any CPU.Build.0 = Debug|Any CPU
		{88892BBF-5D39-497A-92B3-5445EE993561}.Release|Any CPU.ActiveCfg = Release|Any CPU
		{88892BBF-5D39-497A-92B3-5445EE993561}.Release|Any CPU.Build.0 = Release|Any CPU
	EndGlobalSection
	GlobalSection(SolutionProperties) = preSolution
		HideSolutionNode = FALSE
	EndGlobalSection
	GlobalSection(ExtensibilityGlobals) = postSolution
		SolutionGuid = {C25FEF4C-7342-4B1F-83FC-77CBFC82B5EF}
	EndGlobalSection
EndGlobal
